// !$*UTF8*$!
{
	archiveVersion = 1;
	classes = {
	};
	objectVersion = 50;
	objects = {

/* Begin PBXBuildFile section */
		74D0CC53A58DF4AC0159F5D2 /* Pods_iTunesAPITests.framework in Frameworks */ = {isa = PBXBuildFile; fileRef = 1684FF24FF651A5387567EEE /* Pods_iTunesAPITests.framework */; };
		8615D9D620AAF0DE00801006 /* WFMTrackViewController.swift in Sources */ = {isa = PBXBuildFile; fileRef = 8615D9D520AAF0DE00801006 /* WFMTrackViewController.swift */; };
		8615D9DB20AB728800801006 /* WFMDataManagerTests.m in Sources */ = {isa = PBXBuildFile; fileRef = 8615D9D920AB728700801006 /* WFMDataManagerTests.m */; };
		8615D9DC20AB729500801006 /* WFMDataManager.m in Sources */ = {isa = PBXBuildFile; fileRef = 8625315B20AAB44600AD44D2 /* WFMDataManager.m */; };
		8625315920AAB29A00AD44D2 /* WFMListTableViewController.m in Sources */ = {isa = PBXBuildFile; fileRef = 8625315820AAB29A00AD44D2 /* WFMListTableViewController.m */; };
		8625315C20AAB44600AD44D2 /* WFMDataManager.m in Sources */ = {isa = PBXBuildFile; fileRef = 8625315B20AAB44600AD44D2 /* WFMDataManager.m */; };
		8625316020AAC53A00AD44D2 /* WFMArtistTableViewCell.m in Sources */ = {isa = PBXBuildFile; fileRef = 8625315F20AAC53A00AD44D2 /* WFMArtistTableViewCell.m */; };
		8625316320AAC54600AD44D2 /* WFMTrackTableViewCell.m in Sources */ = {isa = PBXBuildFile; fileRef = 8625316220AAC54600AD44D2 /* WFMTrackTableViewCell.m */; };
		86B4A16A20AAC8E8000C19AB /* NSDictionary+Track.m in Sources */ = {isa = PBXBuildFile; fileRef = 86B4A16920AAC8E8000C19AB /* NSDictionary+Track.m */; };
		86B4A16E20AAC97D000C19AB /* NSDictionary+Wrapper.m in Sources */ = {isa = PBXBuildFile; fileRef = 86B4A16D20AAC97D000C19AB /* NSDictionary+Wrapper.m */; };
		86B4A17220AAC9A9000C19AB /* NSDictionary+Artist.m in Sources */ = {isa = PBXBuildFile; fileRef = 86B4A17120AAC9A9000C19AB /* NSDictionary+Artist.m */; };
		86E540DC20AAADDD0004DB8D /* LaunchScreen.storyboard in Resources */ = {isa = PBXBuildFile; fileRef = 86E540BF20AAADDD0004DB8D /* LaunchScreen.storyboard */; };
		86E540DD20AAADDD0004DB8D /* Main.storyboard in Resources */ = {isa = PBXBuildFile; fileRef = 86E540C120AAADDD0004DB8D /* Main.storyboard */; };
		86E540DE20AAADDD0004DB8D /* Assets.xcassets in Resources */ = {isa = PBXBuildFile; fileRef = 86E540CE20AAADDD0004DB8D /* Assets.xcassets */; };
		86E540DF20AAADDD0004DB8D /* main.m in Sources */ = {isa = PBXBuildFile; fileRef = 86E540CF20AAADDD0004DB8D /* main.m */; };
		86E540E020AAADDD0004DB8D /* WFMAppDelegate.m in Sources */ = {isa = PBXBuildFile; fileRef = 86E540D020AAADDD0004DB8D /* WFMAppDelegate.m */; };
		86E540E220AAADDD0004DB8D /* iTunesAPI.xcdatamodeld in Sources */ = {isa = PBXBuildFile; fileRef = 86E540DA20AAADDD0004DB8D /* iTunesAPI.xcdatamodeld */; };
		909773BCFBFA3B4CFB030328 /* Pods_iTunesAPI.framework in Frameworks */ = {isa = PBXBuildFile; fileRef = 5736707DB3A049632997C40E /* Pods_iTunesAPI.framework */; };
/* End PBXBuildFile section */

/* Begin PBXContainerItemProxy section */
		86A96B8620AAAC7700D08D7C /* PBXContainerItemProxy */ = {
			isa = PBXContainerItemProxy;
			containerPortal = 86A96B6520AAAC7500D08D7C /* Project object */;
			proxyType = 1;
			remoteGlobalIDString = 86A96B6C20AAAC7500D08D7C;
			remoteInfo = iTunesAPI;
		};
/* End PBXContainerItemProxy section */

/* Begin PBXFileReference section */
		1684FF24FF651A5387567EEE /* Pods_iTunesAPITests.framework */ = {isa = PBXFileReference; explicitFileType = wrapper.framework; includeInIndex = 0; path = Pods_iTunesAPITests.framework; sourceTree = BUILT_PRODUCTS_DIR; };
		543E9A15BF19F93CC5D5A2E8 /* Pods-iTunesAPITests.debug.xcconfig */ = {isa = PBXFileReference; includeInIndex = 1; lastKnownFileType = text.xcconfig; name = "Pods-iTunesAPITests.debug.xcconfig"; path = "Pods/Target Support Files/Pods-iTunesAPITests/Pods-iTunesAPITests.debug.xcconfig"; sourceTree = "<group>"; };
		5736707DB3A049632997C40E /* Pods_iTunesAPI.framework */ = {isa = PBXFileReference; explicitFileType = wrapper.framework; includeInIndex = 0; path = Pods_iTunesAPI.framework; sourceTree = BUILT_PRODUCTS_DIR; };
		5864B815304A4FA2687510D4 /* Pods-iTunesAPI.debug.xcconfig */ = {isa = PBXFileReference; includeInIndex = 1; lastKnownFileType = text.xcconfig; name = "Pods-iTunesAPI.debug.xcconfig"; path = "Pods/Target Support Files/Pods-iTunesAPI/Pods-iTunesAPI.debug.xcconfig"; sourceTree = "<group>"; };
		8615D9D520AAF0DE00801006 /* WFMTrackViewController.swift */ = {isa = PBXFileReference; lastKnownFileType = sourcecode.swift; path = WFMTrackViewController.swift; sourceTree = "<group>"; };
		8615D9D920AB728700801006 /* WFMDataManagerTests.m */ = {isa = PBXFileReference; fileEncoding = 4; lastKnownFileType = sourcecode.c.objc; path = WFMDataManagerTests.m; sourceTree = "<group>"; };
		8625315720AAB29A00AD44D2 /* WFMListTableViewController.h */ = {isa = PBXFileReference; lastKnownFileType = sourcecode.c.h; path = WFMListTableViewController.h; sourceTree = "<group>"; };
		8625315820AAB29A00AD44D2 /* WFMListTableViewController.m */ = {isa = PBXFileReference; lastKnownFileType = sourcecode.c.objc; path = WFMListTableViewController.m; sourceTree = "<group>"; };
		8625315A20AAB44600AD44D2 /* WFMDataManager.h */ = {isa = PBXFileReference; lastKnownFileType = sourcecode.c.h; path = WFMDataManager.h; sourceTree = "<group>"; };
		8625315B20AAB44600AD44D2 /* WFMDataManager.m */ = {isa = PBXFileReference; lastKnownFileType = sourcecode.c.objc; path = WFMDataManager.m; sourceTree = "<group>"; };
		8625315D20AABFB000AD44D2 /* Macro.h */ = {isa = PBXFileReference; lastKnownFileType = sourcecode.c.h; path = Macro.h; sourceTree = "<group>"; };
		8625315E20AAC53A00AD44D2 /* WFMArtistTableViewCell.h */ = {isa = PBXFileReference; lastKnownFileType = sourcecode.c.h; path = WFMArtistTableViewCell.h; sourceTree = "<group>"; };
		8625315F20AAC53A00AD44D2 /* WFMArtistTableViewCell.m */ = {isa = PBXFileReference; lastKnownFileType = sourcecode.c.objc; path = WFMArtistTableViewCell.m; sourceTree = "<group>"; };
		8625316120AAC54600AD44D2 /* WFMTrackTableViewCell.h */ = {isa = PBXFileReference; lastKnownFileType = sourcecode.c.h; path = WFMTrackTableViewCell.h; sourceTree = "<group>"; };
		8625316220AAC54600AD44D2 /* WFMTrackTableViewCell.m */ = {isa = PBXFileReference; lastKnownFileType = sourcecode.c.objc; path = WFMTrackTableViewCell.m; sourceTree = "<group>"; };
		86A96B6D20AAAC7500D08D7C /* iTunesAPI.app */ = {isa = PBXFileReference; explicitFileType = wrapper.application; includeInIndex = 0; path = iTunesAPI.app; sourceTree = BUILT_PRODUCTS_DIR; };
		86A96B8520AAAC7700D08D7C /* iTunesAPITests.xctest */ = {isa = PBXFileReference; explicitFileType = wrapper.cfbundle; includeInIndex = 0; path = iTunesAPITests.xctest; sourceTree = BUILT_PRODUCTS_DIR; };
		86A96B8B20AAAC7700D08D7C /* Info.plist */ = {isa = PBXFileReference; lastKnownFileType = text.plist.xml; path = Info.plist; sourceTree = "<group>"; };
		86B4A16820AAC8E8000C19AB /* NSDictionary+Track.h */ = {isa = PBXFileReference; lastKnownFileType = sourcecode.c.h; path = "NSDictionary+Track.h"; sourceTree = "<group>"; };
		86B4A16920AAC8E8000C19AB /* NSDictionary+Track.m */ = {isa = PBXFileReference; lastKnownFileType = sourcecode.c.objc; path = "NSDictionary+Track.m"; sourceTree = "<group>"; };
		86B4A16C20AAC97D000C19AB /* NSDictionary+Wrapper.h */ = {isa = PBXFileReference; lastKnownFileType = sourcecode.c.h; path = "NSDictionary+Wrapper.h"; sourceTree = "<group>"; };
		86B4A16D20AAC97D000C19AB /* NSDictionary+Wrapper.m */ = {isa = PBXFileReference; lastKnownFileType = sourcecode.c.objc; path = "NSDictionary+Wrapper.m"; sourceTree = "<group>"; };
		86B4A16F20AAC992000C19AB /* WFMWrapperProtocol.h */ = {isa = PBXFileReference; lastKnownFileType = sourcecode.c.h; path = WFMWrapperProtocol.h; sourceTree = "<group>"; };
		86B4A17020AAC9A9000C19AB /* NSDictionary+Artist.h */ = {isa = PBXFileReference; lastKnownFileType = sourcecode.c.h; path = "NSDictionary+Artist.h"; sourceTree = "<group>"; };
		86B4A17120AAC9A9000C19AB /* NSDictionary+Artist.m */ = {isa = PBXFileReference; lastKnownFileType = sourcecode.c.objc; path = "NSDictionary+Artist.m"; sourceTree = "<group>"; };
		86B4A17420AACF1D000C19AB /* WFMListTableViewCellProtocol.h */ = {isa = PBXFileReference; lastKnownFileType = sourcecode.c.h; path = WFMListTableViewCellProtocol.h; sourceTree = "<group>"; };
		86B4A17B20AAE65A000C19AB /* iTunesAPI-Bridging-Header.h */ = {isa = PBXFileReference; fileEncoding = 4; lastKnownFileType = sourcecode.c.h; path = "iTunesAPI-Bridging-Header.h"; sourceTree = "<group>"; };
		86E540C020AAADDD0004DB8D /* Base */ = {isa = PBXFileReference; lastKnownFileType = file.storyboard; name = Base; path = Base.lproj/LaunchScreen.storyboard; sourceTree = "<group>"; };
		86E540C220AAADDD0004DB8D /* Base */ = {isa = PBXFileReference; lastKnownFileType = file.storyboard; name = Base; path = Base.lproj/Main.storyboard; sourceTree = "<group>"; };
		86E540CC20AAADDD0004DB8D /* WFMPrefixHeader.pch */ = {isa = PBXFileReference; fileEncoding = 4; lastKnownFileType = sourcecode.c.h; path = WFMPrefixHeader.pch; sourceTree = "<group>"; };
		86E540CD20AAADDD0004DB8D /* WFMAppDelegate.h */ = {isa = PBXFileReference; fileEncoding = 4; lastKnownFileType = sourcecode.c.h; path = WFMAppDelegate.h; sourceTree = "<group>"; };
		86E540CE20AAADDD0004DB8D /* Assets.xcassets */ = {isa = PBXFileReference; lastKnownFileType = folder.assetcatalog; path = Assets.xcassets; sourceTree = "<group>"; };
		86E540CF20AAADDD0004DB8D /* main.m */ = {isa = PBXFileReference; fileEncoding = 4; lastKnownFileType = sourcecode.c.objc; path = main.m; sourceTree = "<group>"; };
		86E540D020AAADDD0004DB8D /* WFMAppDelegate.m */ = {isa = PBXFileReference; fileEncoding = 4; lastKnownFileType = sourcecode.c.objc; path = WFMAppDelegate.m; sourceTree = "<group>"; };
		86E540D120AAADDD0004DB8D /* Info.plist */ = {isa = PBXFileReference; fileEncoding = 4; lastKnownFileType = text.plist.xml; path = Info.plist; sourceTree = "<group>"; };
		86E540D720AAADDD0004DB8D /* WFMTrackProtocol.h */ = {isa = PBXFileReference; fileEncoding = 4; lastKnownFileType = sourcecode.c.h; path = WFMTrackProtocol.h; sourceTree = "<group>"; };
		86E540D920AAADDD0004DB8D /* WFMArtistProtocol.h */ = {isa = PBXFileReference; fileEncoding = 4; lastKnownFileType = sourcecode.c.h; path = WFMArtistProtocol.h; sourceTree = "<group>"; };
		86E540DB20AAADDD0004DB8D /* iTunesAPI.xcdatamodel */ = {isa = PBXFileReference; lastKnownFileType = wrapper.xcdatamodel; path = iTunesAPI.xcdatamodel; sourceTree = "<group>"; };
		E46A6B09DA0D06221CFBC887 /* Pods-iTunesAPITests.release.xcconfig */ = {isa = PBXFileReference; includeInIndex = 1; lastKnownFileType = text.xcconfig; name = "Pods-iTunesAPITests.release.xcconfig"; path = "Pods/Target Support Files/Pods-iTunesAPITests/Pods-iTunesAPITests.release.xcconfig"; sourceTree = "<group>"; };
		F81BE763B1E379EC05910C50 /* Pods-iTunesAPI.release.xcconfig */ = {isa = PBXFileReference; includeInIndex = 1; lastKnownFileType = text.xcconfig; name = "Pods-iTunesAPI.release.xcconfig"; path = "Pods/Target Support Files/Pods-iTunesAPI/Pods-iTunesAPI.release.xcconfig"; sourceTree = "<group>"; };
/* End PBXFileReference section */

/* Begin PBXFrameworksBuildPhase section */
		86A96B6A20AAAC7500D08D7C /* Frameworks */ = {
			isa = PBXFrameworksBuildPhase;
			buildActionMask = 2147483647;
			files = (
				909773BCFBFA3B4CFB030328 /* Pods_iTunesAPI.framework in Frameworks */,
			);
			runOnlyForDeploymentPostprocessing = 0;
		};
		86A96B8220AAAC7700D08D7C /* Frameworks */ = {
			isa = PBXFrameworksBuildPhase;
			buildActionMask = 2147483647;
			files = (
				74D0CC53A58DF4AC0159F5D2 /* Pods_iTunesAPITests.framework in Frameworks */,
			);
			runOnlyForDeploymentPostprocessing = 0;
		};
/* End PBXFrameworksBuildPhase section */

/* Begin PBXGroup section */
		73CC2D414ABBA5538CC758BF /* Frameworks */ = {
			isa = PBXGroup;
			children = (
				5736707DB3A049632997C40E /* Pods_iTunesAPI.framework */,
				1684FF24FF651A5387567EEE /* Pods_iTunesAPITests.framework */,
			);
			name = Frameworks;
			sourceTree = "<group>";
		};
		8019726E72583DEDBADFC8DF /* Pods */ = {
			isa = PBXGroup;
			children = (
				5864B815304A4FA2687510D4 /* Pods-iTunesAPI.debug.xcconfig */,
				F81BE763B1E379EC05910C50 /* Pods-iTunesAPI.release.xcconfig */,
				543E9A15BF19F93CC5D5A2E8 /* Pods-iTunesAPITests.debug.xcconfig */,
				E46A6B09DA0D06221CFBC887 /* Pods-iTunesAPITests.release.xcconfig */,
			);
			name = Pods;
			sourceTree = "<group>";
		};
		86A96B6420AAAC7500D08D7C = {
			isa = PBXGroup;
			children = (
				86E540BC20AAADDD0004DB8D /* iTunesAPI */,
				86A96B8820AAAC7700D08D7C /* iTunesAPITests */,
				86A96B6E20AAAC7500D08D7C /* Products */,
				8019726E72583DEDBADFC8DF /* Pods */,
				73CC2D414ABBA5538CC758BF /* Frameworks */,
			);
			sourceTree = "<group>";
		};
		86A96B6E20AAAC7500D08D7C /* Products */ = {
			isa = PBXGroup;
			children = (
				86A96B6D20AAAC7500D08D7C /* iTunesAPI.app */,
				86A96B8520AAAC7700D08D7C /* iTunesAPITests.xctest */,
			);
			name = Products;
			sourceTree = "<group>";
		};
		86A96B8820AAAC7700D08D7C /* iTunesAPITests */ = {
			isa = PBXGroup;
			children = (
				8615D9D920AB728700801006 /* WFMDataManagerTests.m */,
				86A96B8B20AAAC7700D08D7C /* Info.plist */,
			);
			path = iTunesAPITests;
			sourceTree = "<group>";
		};
		86B4A16B20AAC95D000C19AB /* Wrapper */ = {
			isa = PBXGroup;
			children = (
				86B4A16F20AAC992000C19AB /* WFMWrapperProtocol.h */,
				86B4A16C20AAC97D000C19AB /* NSDictionary+Wrapper.h */,
				86B4A16D20AAC97D000C19AB /* NSDictionary+Wrapper.m */,
			);
			path = Wrapper;
			sourceTree = "<group>";
		};
		86E540BC20AAADDD0004DB8D /* iTunesAPI */ = {
			isa = PBXGroup;
			children = (
				86E540D220AAADDD0004DB8D /* Data */,
				86E540BD20AAADDD0004DB8D /* UI */,
				86E540C620AAADDD0004DB8D /* Utilities */,
				86E540CB20AAADDD0004DB8D /* Supporting Files */,
			);
			path = iTunesAPI;
			sourceTree = "<group>";
		};
		86E540BD20AAADDD0004DB8D /* UI */ = {
			isa = PBXGroup;
			children = (
				86E540BE20AAADDD0004DB8D /* Storyboards */,
				86E540C320AAADDD0004DB8D /* Detail */,
				86E540C420AAADDD0004DB8D /* List */,
			);
			path = UI;
			sourceTree = "<group>";
		};
		86E540BE20AAADDD0004DB8D /* Storyboards */ = {
			isa = PBXGroup;
			children = (
				86E540BF20AAADDD0004DB8D /* LaunchScreen.storyboard */,
				86E540C120AAADDD0004DB8D /* Main.storyboard */,
			);
			path = Storyboards;
			sourceTree = "<group>";
		};
		86E540C320AAADDD0004DB8D /* Detail */ = {
			isa = PBXGroup;
			children = (
				8615D9D520AAF0DE00801006 /* WFMTrackViewController.swift */,
			);
			path = Detail;
			sourceTree = "<group>";
		};
		86E540C420AAADDD0004DB8D /* List */ = {
			isa = PBXGroup;
			children = (
				86E540C520AAADDD0004DB8D /* Cells */,
				8625315720AAB29A00AD44D2 /* WFMListTableViewController.h */,
				8625315820AAB29A00AD44D2 /* WFMListTableViewController.m */,
			);
			path = List;
			sourceTree = "<group>";
		};
		86E540C520AAADDD0004DB8D /* Cells */ = {
			isa = PBXGroup;
			children = (
				86B4A17420AACF1D000C19AB /* WFMListTableViewCellProtocol.h */,
				8625315E20AAC53A00AD44D2 /* WFMArtistTableViewCell.h */,
				8625315F20AAC53A00AD44D2 /* WFMArtistTableViewCell.m */,
				8625316120AAC54600AD44D2 /* WFMTrackTableViewCell.h */,
				8625316220AAC54600AD44D2 /* WFMTrackTableViewCell.m */,
			);
			path = Cells;
			sourceTree = "<group>";
		};
		86E540C620AAADDD0004DB8D /* Utilities */ = {
			isa = PBXGroup;
			children = (
				86E540C720AAADDD0004DB8D /* Global */,
				86E540C920AAADDD0004DB8D /* CurrentProject */,
			);
			path = Utilities;
			sourceTree = "<group>";
		};
		86E540C720AAADDD0004DB8D /* Global */ = {
			isa = PBXGroup;
			children = (
				86E540C820AAADDD0004DB8D /* Categories */,
			);
			path = Global;
			sourceTree = "<group>";
		};
		86E540C820AAADDD0004DB8D /* Categories */ = {
			isa = PBXGroup;
			children = (
			);
			path = Categories;
			sourceTree = "<group>";
		};
		86E540C920AAADDD0004DB8D /* CurrentProject */ = {
			isa = PBXGroup;
			children = (
				86E540CA20AAADDD0004DB8D /* Categories */,
			);
			path = CurrentProject;
			sourceTree = "<group>";
		};
		86E540CA20AAADDD0004DB8D /* Categories */ = {
			isa = PBXGroup;
			children = (
			);
			path = Categories;
			sourceTree = "<group>";
		};
		86E540CB20AAADDD0004DB8D /* Supporting Files */ = {
			isa = PBXGroup;
			children = (
				86B4A17B20AAE65A000C19AB /* iTunesAPI-Bridging-Header.h */,
				86E540CD20AAADDD0004DB8D /* WFMAppDelegate.h */,
				86E540D020AAADDD0004DB8D /* WFMAppDelegate.m */,
				86E540CE20AAADDD0004DB8D /* Assets.xcassets */,
				86E540CF20AAADDD0004DB8D /* main.m */,
				86E540D120AAADDD0004DB8D /* Info.plist */,
				86E540CC20AAADDD0004DB8D /* WFMPrefixHeader.pch */,
				8625315D20AABFB000AD44D2 /* Macro.h */,
			);
			path = "Supporting Files";
			sourceTree = "<group>";
		};
		86E540D220AAADDD0004DB8D /* Data */ = {
			isa = PBXGroup;
			children = (
				86E540D320AAADDD0004DB8D /* DataManager */,
				86E540D420AAADDD0004DB8D /* Store */,
			);
			path = Data;
			sourceTree = "<group>";
		};
		86E540D320AAADDD0004DB8D /* DataManager */ = {
			isa = PBXGroup;
			children = (
				8625315A20AAB44600AD44D2 /* WFMDataManager.h */,
				8625315B20AAB44600AD44D2 /* WFMDataManager.m */,
			);
			path = DataManager;
			sourceTree = "<group>";
		};
		86E540D420AAADDD0004DB8D /* Store */ = {
			isa = PBXGroup;
			children = (
				86E540D520AAADDD0004DB8D /* Models */,
				86E540DA20AAADDD0004DB8D /* iTunesAPI.xcdatamodeld */,
			);
			path = Store;
			sourceTree = "<group>";
		};
		86E540D520AAADDD0004DB8D /* Models */ = {
			isa = PBXGroup;
			children = (
				86B4A16B20AAC95D000C19AB /* Wrapper */,
				86E540D620AAADDD0004DB8D /* Track */,
				86E540D820AAADDD0004DB8D /* Artist */,
			);
			path = Models;
			sourceTree = "<group>";
		};
		86E540D620AAADDD0004DB8D /* Track */ = {
			isa = PBXGroup;
			children = (
				86E540D720AAADDD0004DB8D /* WFMTrackProtocol.h */,
				86B4A16820AAC8E8000C19AB /* NSDictionary+Track.h */,
				86B4A16920AAC8E8000C19AB /* NSDictionary+Track.m */,
			);
			path = Track;
			sourceTree = "<group>";
		};
		86E540D820AAADDD0004DB8D /* Artist */ = {
			isa = PBXGroup;
			children = (
				86E540D920AAADDD0004DB8D /* WFMArtistProtocol.h */,
				86B4A17020AAC9A9000C19AB /* NSDictionary+Artist.h */,
				86B4A17120AAC9A9000C19AB /* NSDictionary+Artist.m */,
			);
			path = Artist;
			sourceTree = "<group>";
		};
/* End PBXGroup section */

/* Begin PBXNativeTarget section */
		86A96B6C20AAAC7500D08D7C /* iTunesAPI */ = {
			isa = PBXNativeTarget;
			buildConfigurationList = 86A96B8E20AAAC7700D08D7C /* Build configuration list for PBXNativeTarget "iTunesAPI" */;
			buildPhases = (
				8B84739EA1673022C5C3809B /* [CP] Check Pods Manifest.lock */,
				86A96B6920AAAC7500D08D7C /* Sources */,
				86A96B6A20AAAC7500D08D7C /* Frameworks */,
				86A96B6B20AAAC7500D08D7C /* Resources */,
				F11378B654E5B7BF4776C9F2 /* [CP] Embed Pods Frameworks */,
			);
			buildRules = (
			);
			dependencies = (
			);
			name = iTunesAPI;
			productName = iTunesAPI;
			productReference = 86A96B6D20AAAC7500D08D7C /* iTunesAPI.app */;
			productType = "com.apple.product-type.application";
		};
		86A96B8420AAAC7700D08D7C /* iTunesAPITests */ = {
			isa = PBXNativeTarget;
			buildConfigurationList = 86A96B9120AAAC7700D08D7C /* Build configuration list for PBXNativeTarget "iTunesAPITests" */;
			buildPhases = (
				1433DF083C96F712757CE0C8 /* [CP] Check Pods Manifest.lock */,
				86A96B8120AAAC7700D08D7C /* Sources */,
				86A96B8220AAAC7700D08D7C /* Frameworks */,
				86A96B8320AAAC7700D08D7C /* Resources */,
				BA4CFA4E992C82C785C49FCC /* [CP] Embed Pods Frameworks */,
			);
			buildRules = (
			);
			dependencies = (
				86A96B8720AAAC7700D08D7C /* PBXTargetDependency */,
			);
			name = iTunesAPITests;
			productName = iTunesAPITests;
			productReference = 86A96B8520AAAC7700D08D7C /* iTunesAPITests.xctest */;
			productType = "com.apple.product-type.bundle.unit-test";
		};
/* End PBXNativeTarget section */

/* Begin PBXProject section */
		86A96B6520AAAC7500D08D7C /* Project object */ = {
			isa = PBXProject;
			attributes = {
				CLASSPREFIX = WFM;
				LastUpgradeCheck = 0930;
				ORGANIZATIONNAME = "Kuznetsov Aleksey";
				TargetAttributes = {
					86A96B6C20AAAC7500D08D7C = {
						CreatedOnToolsVersion = 9.3.1;
						LastSwiftMigration = 0930;
					};
					86A96B8420AAAC7700D08D7C = {
						CreatedOnToolsVersion = 9.3.1;
						TestTargetID = 86A96B6C20AAAC7500D08D7C;
					};
				};
			};
			buildConfigurationList = 86A96B6820AAAC7500D08D7C /* Build configuration list for PBXProject "iTunesAPI" */;
			compatibilityVersion = "Xcode 9.3";
			developmentRegion = en;
			hasScannedForEncodings = 0;
			knownRegions = (
				en,
				Base,
			);
			mainGroup = 86A96B6420AAAC7500D08D7C;
			productRefGroup = 86A96B6E20AAAC7500D08D7C /* Products */;
			projectDirPath = "";
			projectRoot = "";
			targets = (
				86A96B6C20AAAC7500D08D7C /* iTunesAPI */,
				86A96B8420AAAC7700D08D7C /* iTunesAPITests */,
			);
		};
/* End PBXProject section */

/* Begin PBXResourcesBuildPhase section */
		86A96B6B20AAAC7500D08D7C /* Resources */ = {
			isa = PBXResourcesBuildPhase;
			buildActionMask = 2147483647;
			files = (
				86E540DC20AAADDD0004DB8D /* LaunchScreen.storyboard in Resources */,
				86E540DE20AAADDD0004DB8D /* Assets.xcassets in Resources */,
				86E540DD20AAADDD0004DB8D /* Main.storyboard in Resources */,
			);
			runOnlyForDeploymentPostprocessing = 0;
		};
		86A96B8320AAAC7700D08D7C /* Resources */ = {
			isa = PBXResourcesBuildPhase;
			buildActionMask = 2147483647;
			files = (
			);
			runOnlyForDeploymentPostprocessing = 0;
		};
/* End PBXResourcesBuildPhase section */

/* Begin PBXShellScriptBuildPhase section */
		1433DF083C96F712757CE0C8 /* [CP] Check Pods Manifest.lock */ = {
			isa = PBXShellScriptBuildPhase;
			buildActionMask = 2147483647;
			files = (
			);
			inputPaths = (
				"${PODS_PODFILE_DIR_PATH}/Podfile.lock",
				"${PODS_ROOT}/Manifest.lock",
			);
			name = "[CP] Check Pods Manifest.lock";
			outputPaths = (
				"$(DERIVED_FILE_DIR)/Pods-iTunesAPITests-checkManifestLockResult.txt",
			);
			runOnlyForDeploymentPostprocessing = 0;
			shellPath = /bin/sh;
			shellScript = "diff \"${PODS_PODFILE_DIR_PATH}/Podfile.lock\" \"${PODS_ROOT}/Manifest.lock\" > /dev/null\nif [ $? != 0 ] ; then\n    # print error to STDERR\n    echo \"error: The sandbox is not in sync with the Podfile.lock. Run 'pod install' or update your CocoaPods installation.\" >&2\n    exit 1\nfi\n# This output is used by Xcode 'outputs' to avoid re-running this script phase.\necho \"SUCCESS\" > \"${SCRIPT_OUTPUT_FILE_0}\"\n";
			showEnvVarsInLog = 0;
		};
		8B84739EA1673022C5C3809B /* [CP] Check Pods Manifest.lock */ = {
			isa = PBXShellScriptBuildPhase;
			buildActionMask = 2147483647;
			files = (
			);
			inputPaths = (
				"${PODS_PODFILE_DIR_PATH}/Podfile.lock",
				"${PODS_ROOT}/Manifest.lock",
			);
			name = "[CP] Check Pods Manifest.lock";
			outputPaths = (
				"$(DERIVED_FILE_DIR)/Pods-iTunesAPI-checkManifestLockResult.txt",
			);
			runOnlyForDeploymentPostprocessing = 0;
			shellPath = /bin/sh;
			shellScript = "diff \"${PODS_PODFILE_DIR_PATH}/Podfile.lock\" \"${PODS_ROOT}/Manifest.lock\" > /dev/null\nif [ $? != 0 ] ; then\n    # print error to STDERR\n    echo \"error: The sandbox is not in sync with the Podfile.lock. Run 'pod install' or update your CocoaPods installation.\" >&2\n    exit 1\nfi\n# This output is used by Xcode 'outputs' to avoid re-running this script phase.\necho \"SUCCESS\" > \"${SCRIPT_OUTPUT_FILE_0}\"\n";
			showEnvVarsInLog = 0;
		};
		BA4CFA4E992C82C785C49FCC /* [CP] Embed Pods Frameworks */ = {
			isa = PBXShellScriptBuildPhase;
			buildActionMask = 2147483647;
			files = (
			);
			inputPaths = (
				"${SRCROOT}/Pods/Target Support Files/Pods-iTunesAPITests/Pods-iTunesAPITests-frameworks.sh",
				"${BUILT_PRODUCTS_DIR}/AFNetworking/AFNetworking.framework",
			);
			name = "[CP] Embed Pods Frameworks";
			outputPaths = (
				"${TARGET_BUILD_DIR}/${FRAMEWORKS_FOLDER_PATH}/AFNetworking.framework",
			);
			runOnlyForDeploymentPostprocessing = 0;
			shellPath = /bin/sh;
			shellScript = "\"${SRCROOT}/Pods/Target Support Files/Pods-iTunesAPITests/Pods-iTunesAPITests-frameworks.sh\"\n";
			showEnvVarsInLog = 0;
		};
		F11378B654E5B7BF4776C9F2 /* [CP] Embed Pods Frameworks */ = {
			isa = PBXShellScriptBuildPhase;
			buildActionMask = 2147483647;
			files = (
			);
			inputPaths = (
				"${SRCROOT}/Pods/Target Support Files/Pods-iTunesAPI/Pods-iTunesAPI-frameworks.sh",
				"${BUILT_PRODUCTS_DIR}/AFNetworking/AFNetworking.framework",
				"${BUILT_PRODUCTS_DIR}/SDWebImage/SDWebImage.framework",
			);
			name = "[CP] Embed Pods Frameworks";
			outputPaths = (
				"${TARGET_BUILD_DIR}/${FRAMEWORKS_FOLDER_PATH}/AFNetworking.framework",
				"${TARGET_BUILD_DIR}/${FRAMEWORKS_FOLDER_PATH}/SDWebImage.framework",
			);
			runOnlyForDeploymentPostprocessing = 0;
			shellPath = /bin/sh;
			shellScript = "\"${SRCROOT}/Pods/Target Support Files/Pods-iTunesAPI/Pods-iTunesAPI-frameworks.sh\"\n";
			showEnvVarsInLog = 0;
		};
/* End PBXShellScriptBuildPhase section */

/* Begin PBXSourcesBuildPhase section */
		86A96B6920AAAC7500D08D7C /* Sources */ = {
			isa = PBXSourcesBuildPhase;
			buildActionMask = 2147483647;
			files = (
				8625315920AAB29A00AD44D2 /* WFMListTableViewController.m in Sources */,
				8615D9D620AAF0DE00801006 /* WFMTrackViewController.swift in Sources */,
				86E540E220AAADDD0004DB8D /* iTunesAPI.xcdatamodeld in Sources */,
				86B4A16E20AAC97D000C19AB /* NSDictionary+Wrapper.m in Sources */,
				86E540E020AAADDD0004DB8D /* WFMAppDelegate.m in Sources */,
				8625316320AAC54600AD44D2 /* WFMTrackTableViewCell.m in Sources */,
				86E540DF20AAADDD0004DB8D /* main.m in Sources */,
				8625315C20AAB44600AD44D2 /* WFMDataManager.m in Sources */,
				86B4A17220AAC9A9000C19AB /* NSDictionary+Artist.m in Sources */,
				86B4A16A20AAC8E8000C19AB /* NSDictionary+Track.m in Sources */,
				8625316020AAC53A00AD44D2 /* WFMArtistTableViewCell.m in Sources */,
			);
			runOnlyForDeploymentPostprocessing = 0;
		};
		86A96B8120AAAC7700D08D7C /* Sources */ = {
			isa = PBXSourcesBuildPhase;
			buildActionMask = 2147483647;
			files = (
				8615D9DB20AB728800801006 /* WFMDataManagerTests.m in Sources */,
				8615D9DC20AB729500801006 /* WFMDataManager.m in Sources */,
			);
			runOnlyForDeploymentPostprocessing = 0;
		};
/* End PBXSourcesBuildPhase section */

/* Begin PBXTargetDependency section */
		86A96B8720AAAC7700D08D7C /* PBXTargetDependency */ = {
			isa = PBXTargetDependency;
			target = 86A96B6C20AAAC7500D08D7C /* iTunesAPI */;
			targetProxy = 86A96B8620AAAC7700D08D7C /* PBXContainerItemProxy */;
		};
/* End PBXTargetDependency section */

/* Begin PBXVariantGroup section */
		86E540BF20AAADDD0004DB8D /* LaunchScreen.storyboard */ = {
			isa = PBXVariantGroup;
			children = (
				86E540C020AAADDD0004DB8D /* Base */,
			);
			name = LaunchScreen.storyboard;
			sourceTree = "<group>";
		};
		86E540C120AAADDD0004DB8D /* Main.storyboard */ = {
			isa = PBXVariantGroup;
			children = (
				86E540C220AAADDD0004DB8D /* Base */,
			);
			name = Main.storyboard;
			sourceTree = "<group>";
		};
/* End PBXVariantGroup section */

/* Begin XCBuildConfiguration section */
		86A96B8C20AAAC7700D08D7C /* Debug */ = {
			isa = XCBuildConfiguration;
			buildSettings = {
				ALWAYS_SEARCH_USER_PATHS = NO;
				CLANG_ANALYZER_NONNULL = YES;
				CLANG_ANALYZER_NUMBER_OBJECT_CONVERSION = YES_AGGRESSIVE;
				CLANG_CXX_LANGUAGE_STANDARD = "gnu++14";
				CLANG_CXX_LIBRARY = "libc++";
				CLANG_ENABLE_MODULES = YES;
				CLANG_ENABLE_OBJC_ARC = YES;
				CLANG_ENABLE_OBJC_WEAK = YES;
				CLANG_WARN_BLOCK_CAPTURE_AUTORELEASING = YES;
				CLANG_WARN_BOOL_CONVERSION = YES;
				CLANG_WARN_COMMA = YES;
				CLANG_WARN_CONSTANT_CONVERSION = YES;
				CLANG_WARN_DEPRECATED_OBJC_IMPLEMENTATIONS = YES;
				CLANG_WARN_DIRECT_OBJC_ISA_USAGE = YES_ERROR;
				CLANG_WARN_DOCUMENTATION_COMMENTS = YES;
				CLANG_WARN_EMPTY_BODY = YES;
				CLANG_WARN_ENUM_CONVERSION = YES;
				CLANG_WARN_INFINITE_RECURSION = YES;
				CLANG_WARN_INT_CONVERSION = YES;
				CLANG_WARN_NON_LITERAL_NULL_CONVERSION = YES;
				CLANG_WARN_OBJC_IMPLICIT_RETAIN_SELF = YES;
				CLANG_WARN_OBJC_LITERAL_CONVERSION = YES;
				CLANG_WARN_OBJC_ROOT_CLASS = YES_ERROR;
				CLANG_WARN_RANGE_LOOP_ANALYSIS = YES;
				CLANG_WARN_STRICT_PROTOTYPES = YES;
				CLANG_WARN_SUSPICIOUS_MOVE = YES;
				CLANG_WARN_UNGUARDED_AVAILABILITY = YES_AGGRESSIVE;
				CLANG_WARN_UNREACHABLE_CODE = YES;
				CLANG_WARN__DUPLICATE_METHOD_MATCH = YES;
				CODE_SIGN_IDENTITY = "iPhone Developer";
				COPY_PHASE_STRIP = NO;
				DEBUG_INFORMATION_FORMAT = dwarf;
				DEFINES_MODULE = YES;
				ENABLE_STRICT_OBJC_MSGSEND = YES;
				ENABLE_TESTABILITY = YES;
				GCC_C_LANGUAGE_STANDARD = gnu11;
				GCC_DYNAMIC_NO_PIC = NO;
				GCC_NO_COMMON_BLOCKS = YES;
				GCC_OPTIMIZATION_LEVEL = 0;
				GCC_PREPROCESSOR_DEFINITIONS = (
					"DEBUG=1",
					"$(inherited)",
				);
				GCC_WARN_64_TO_32_BIT_CONVERSION = YES;
				GCC_WARN_ABOUT_RETURN_TYPE = YES_ERROR;
				GCC_WARN_UNDECLARED_SELECTOR = YES;
				GCC_WARN_UNINITIALIZED_AUTOS = YES_AGGRESSIVE;
				GCC_WARN_UNUSED_FUNCTION = YES;
				GCC_WARN_UNUSED_VARIABLE = YES;
				IPHONEOS_DEPLOYMENT_TARGET = 11.3;
				MTL_ENABLE_DEBUG_INFO = YES;
				ONLY_ACTIVE_ARCH = NO;
				SDKROOT = iphoneos;
			};
			name = Debug;
		};
		86A96B8D20AAAC7700D08D7C /* Release */ = {
			isa = XCBuildConfiguration;
			buildSettings = {
				ALWAYS_SEARCH_USER_PATHS = NO;
				CLANG_ANALYZER_NONNULL = YES;
				CLANG_ANALYZER_NUMBER_OBJECT_CONVERSION = YES_AGGRESSIVE;
				CLANG_CXX_LANGUAGE_STANDARD = "gnu++14";
				CLANG_CXX_LIBRARY = "libc++";
				CLANG_ENABLE_MODULES = YES;
				CLANG_ENABLE_OBJC_ARC = YES;
				CLANG_ENABLE_OBJC_WEAK = YES;
				CLANG_WARN_BLOCK_CAPTURE_AUTORELEASING = YES;
				CLANG_WARN_BOOL_CONVERSION = YES;
				CLANG_WARN_COMMA = YES;
				CLANG_WARN_CONSTANT_CONVERSION = YES;
				CLANG_WARN_DEPRECATED_OBJC_IMPLEMENTATIONS = YES;
				CLANG_WARN_DIRECT_OBJC_ISA_USAGE = YES_ERROR;
				CLANG_WARN_DOCUMENTATION_COMMENTS = YES;
				CLANG_WARN_EMPTY_BODY = YES;
				CLANG_WARN_ENUM_CONVERSION = YES;
				CLANG_WARN_INFINITE_RECURSION = YES;
				CLANG_WARN_INT_CONVERSION = YES;
				CLANG_WARN_NON_LITERAL_NULL_CONVERSION = YES;
				CLANG_WARN_OBJC_IMPLICIT_RETAIN_SELF = YES;
				CLANG_WARN_OBJC_LITERAL_CONVERSION = YES;
				CLANG_WARN_OBJC_ROOT_CLASS = YES_ERROR;
				CLANG_WARN_RANGE_LOOP_ANALYSIS = YES;
				CLANG_WARN_STRICT_PROTOTYPES = YES;
				CLANG_WARN_SUSPICIOUS_MOVE = YES;
				CLANG_WARN_UNGUARDED_AVAILABILITY = YES_AGGRESSIVE;
				CLANG_WARN_UNREACHABLE_CODE = YES;
				CLANG_WARN__DUPLICATE_METHOD_MATCH = YES;
				CODE_SIGN_IDENTITY = "iPhone Developer";
				COPY_PHASE_STRIP = NO;
				DEBUG_INFORMATION_FORMAT = "dwarf-with-dsym";
				DEFINES_MODULE = YES;
				ENABLE_NS_ASSERTIONS = NO;
				ENABLE_STRICT_OBJC_MSGSEND = YES;
				GCC_C_LANGUAGE_STANDARD = gnu11;
				GCC_NO_COMMON_BLOCKS = YES;
				GCC_WARN_64_TO_32_BIT_CONVERSION = YES;
				GCC_WARN_ABOUT_RETURN_TYPE = YES_ERROR;
				GCC_WARN_UNDECLARED_SELECTOR = YES;
				GCC_WARN_UNINITIALIZED_AUTOS = YES_AGGRESSIVE;
				GCC_WARN_UNUSED_FUNCTION = YES;
				GCC_WARN_UNUSED_VARIABLE = YES;
				IPHONEOS_DEPLOYMENT_TARGET = 11.3;
				MTL_ENABLE_DEBUG_INFO = NO;
				SDKROOT = iphoneos;
				VALIDATE_PRODUCT = YES;
			};
			name = Release;
		};
		86A96B8F20AAAC7700D08D7C /* Debug */ = {
			isa = XCBuildConfiguration;
			baseConfigurationReference = 5864B815304A4FA2687510D4 /* Pods-iTunesAPI.debug.xcconfig */;
			buildSettings = {
				ASSETCATALOG_COMPILER_APPICON_NAME = AppIcon;
				CLANG_ENABLE_MODULES = YES;
				CODE_SIGN_IDENTITY = "iPhone Developer";
				CODE_SIGN_STYLE = Automatic;
				DEVELOPMENT_TEAM = MU2U9Q7TFR;
				GCC_PRECOMPILE_PREFIX_HEADER = YES;
				GCC_PREFIX_HEADER = "$(SRCROOT)/$(PROJECT_NAME)/Supporting Files/WFMPrefixHeader.pch";
				INFOPLIST_FILE = "iTunesAPI/Supporting Files/Info.plist";
				IPHONEOS_DEPLOYMENT_TARGET = 9.0;
				LD_RUNPATH_SEARCH_PATHS = (
					"$(inherited)",
					"@executable_path/Frameworks",
				);
				PRODUCT_BUNDLE_IDENTIFIER = KAD.iTunesAPI;
				PRODUCT_NAME = "$(TARGET_NAME)";
				PROVISIONING_PROFILE_SPECIFIER = "";
				SWIFT_OBJC_BRIDGING_HEADER = "iTunesAPI/Supporting Files/iTunesAPI-Bridging-Header.h";
				SWIFT_OPTIMIZATION_LEVEL = "-Onone";
				SWIFT_VERSION = 3.0;
				TARGETED_DEVICE_FAMILY = "1,2";
			};
			name = Debug;
		};
		86A96B9020AAAC7700D08D7C /* Release */ = {
			isa = XCBuildConfiguration;
			baseConfigurationReference = F81BE763B1E379EC05910C50 /* Pods-iTunesAPI.release.xcconfig */;
			buildSettings = {
				ASSETCATALOG_COMPILER_APPICON_NAME = AppIcon;
				CLANG_ENABLE_MODULES = YES;
				CODE_SIGN_IDENTITY = "iPhone Developer";
				CODE_SIGN_STYLE = Automatic;
				DEVELOPMENT_TEAM = MU2U9Q7TFR;
				GCC_PRECOMPILE_PREFIX_HEADER = YES;
				GCC_PREFIX_HEADER = "$(SRCROOT)/$(PROJECT_NAME)/Supporting Files/WFMPrefixHeader.pch";
				INFOPLIST_FILE = "iTunesAPI/Supporting Files/Info.plist";
				IPHONEOS_DEPLOYMENT_TARGET = 9.0;
				LD_RUNPATH_SEARCH_PATHS = (
					"$(inherited)",
					"@executable_path/Frameworks",
				);
				PRODUCT_BUNDLE_IDENTIFIER = KAD.iTunesAPI;
				PRODUCT_NAME = "$(TARGET_NAME)";
				PROVISIONING_PROFILE_SPECIFIER = "";
				SWIFT_OBJC_BRIDGING_HEADER = "iTunesAPI/Supporting Files/iTunesAPI-Bridging-Header.h";
				SWIFT_VERSION = 3.0;
				TARGETED_DEVICE_FAMILY = "1,2";
			};
			name = Release;
		};
		86A96B9220AAAC7700D08D7C /* Debug */ = {
			isa = XCBuildConfiguration;
			baseConfigurationReference = 543E9A15BF19F93CC5D5A2E8 /* Pods-iTunesAPITests.debug.xcconfig */;
			buildSettings = {
				ALWAYS_EMBED_SWIFT_STANDARD_LIBRARIES = YES;
				BUNDLE_LOADER = "$(TEST_HOST)";
				CODE_SIGN_IDENTITY = "iPhone Developer";
				CODE_SIGN_STYLE = Automatic;
				DEVELOPMENT_TEAM = MU2U9Q7TFR;
				GCC_PRECOMPILE_PREFIX_HEADER = YES;
				GCC_PREFIX_HEADER = "$(SRCROOT)/$(PROJECT_NAME)/Supporting Files/WFMPrefixHeader.pch";
				INFOPLIST_FILE = iTunesAPITests/Info.plist;
				LD_RUNPATH_SEARCH_PATHS = (
					"$(inherited)",
					"@executable_path/Frameworks",
					"@loader_path/Frameworks",
					"$(FRAMEWORK_SEARCH_PATHS)",
				);
				PRODUCT_BUNDLE_IDENTIFIER = KAD.iTunesAPITests;
				PRODUCT_NAME = "$(TARGET_NAME)";
				PROVISIONING_PROFILE_SPECIFIER = "";
				TARGETED_DEVICE_FAMILY = "1,2";
				TEST_HOST = "$(BUILT_PRODUCTS_DIR)/iTunesAPI.app/iTunesAPI";
			};
			name = Debug;
		};
		86A96B9320AAAC7700D08D7C /* Release */ = {
			isa = XCBuildConfiguration;
			baseConfigurationReference = E46A6B09DA0D06221CFBC887 /* Pods-iTunesAPITests.release.xcconfig */;
			buildSettings = {
				ALWAYS_EMBED_SWIFT_STANDARD_LIBRARIES = YES;
				BUNDLE_LOADER = "$(TEST_HOST)";
				CODE_SIGN_IDENTITY = "iPhone Developer";
				CODE_SIGN_STYLE = Automatic;
				DEVELOPMENT_TEAM = MU2U9Q7TFR;
				GCC_PRECOMPILE_PREFIX_HEADER = YES;
				GCC_PREFIX_HEADER = "$(SRCROOT)/$(PROJECT_NAME)/Supporting Files/WFMPrefixHeader.pch";
				INFOPLIST_FILE = iTunesAPITests/Info.plist;
				LD_RUNPATH_SEARCH_PATHS = (
					"$(inherited)",
					"@executable_path/Frameworks",
					"@loader_path/Frameworks",
					"$(FRAMEWORK_SEARCH_PATHS)",
				);
				PRODUCT_BUNDLE_IDENTIFIER = KAD.iTunesAPITests;
				PRODUCT_NAME = "$(TARGET_NAME)";
				PROVISIONING_PROFILE_SPECIFIER = "";
				TARGETED_DEVICE_FAMILY = "1,2";
				TEST_HOST = "$(BUILT_PRODUCTS_DIR)/iTunesAPI.app/iTunesAPI";
			};
			name = Release;
		};
/* End XCBuildConfiguration section */

/* Begin XCConfigurationList section */
		86A96B6820AAAC7500D08D7C /* Build configuration list for PBXProject "iTunesAPI" */ = {
			isa = XCConfigurationList;
			buildConfigurations = (
				86A96B8C20AAAC7700D08D7C /* Debug */,
				86A96B8D20AAAC7700D08D7C /* Release */,
			);
			defaultConfigurationIsVisible = 0;
			defaultConfigurationName = Release;
		};
		86A96B8E20AAAC7700D08D7C /* Build configuration list for PBXNativeTarget "iTunesAPI" */ = {
			isa = XCConfigurationList;
			buildConfigurations = (
				86A96B8F20AAAC7700D08D7C /* Debug */,
				86A96B9020AAAC7700D08D7C /* Release */,
			);
			defaultConfigurationIsVisible = 0;
			defaultConfigurationName = Release;
		};
		86A96B9120AAAC7700D08D7C /* Build configuration list for PBXNativeTarget "iTunesAPITests" */ = {
			isa = XCConfigurationList;
			buildConfigurations = (
				86A96B9220AAAC7700D08D7C /* Debug */,
				86A96B9320AAAC7700D08D7C /* Release */,
			);
			defaultConfigurationIsVisible = 0;
			defaultConfigurationName = Release;
		};
/* End XCConfigurationList section */

/* Begin XCVersionGroup section */
		86E540DA20AAADDD0004DB8D /* iTunesAPI.xcdatamodeld */ = {
			isa = XCVersionGroup;
			children = (
				86E540DB20AAADDD0004DB8D /* iTunesAPI.xcdatamodel */,
			);
			currentVersion = 86E540DB20AAADDD0004DB8D /* iTunesAPI.xcdatamodel */;
			path = iTunesAPI.xcdatamodeld;
			sourceTree = "<group>";
			versionGroupType = wrapper.xcdatamodel;
		};
/* End XCVersionGroup section */
	};
	rootObject = 86A96B6520AAAC7500D08D7C /* Project object */;
}
